
Microsoft Visual Studio Solution File, Format Version 12.00
# Visual Studio Version 16
VisualStudioVersion = 16.0.29905.134
MinimumVisualStudioVersion = 10.0.40219.1
Project("{FAE04EC0-301F-11D3-BF4B-00C04F79EFBC}") = "wpf-youtube-dl", "wpf-youtube-dl\wpf-youtube-dl.csproj", "{60144F1D-4EF4-49AF-91D0-62688E51BF90}"
EndProject
Global
	GlobalSection(SolutionConfigurationPlatforms) = preSolution
		Debug|Any CPU = Debug|Any CPU
		Release|Any CPU = Release|Any CPU
	EndGlobalSection
	GlobalSection(ProjectConfigurationPlatforms) = postSolution
		{60144F1D-4EF4-49AF-91D0-62688E51BF90}.Debug|Any CPU.ActiveCfg = Debug|Any CPU
		{60144F1D-4EF4-49AF-91D0-62688E51BF90}.Debug|Any CPU.Build.0 = Debug|Any CPU
		{60144F1D-4EF4-49AF-91D0-62688E51BF90}.Release|Any CPU.ActiveCfg = Release|Any CPU
		{60144F1D-4EF4-49AF-91D0-62688E51BF90}.Release|Any CPU.Build.0 = Release|Any CPU
	EndGlobalSection
	GlobalSection(SolutionProperties) = preSolution
		HideSolutionNode = FALSE
	EndGlobalSection
	GlobalSection(ExtensibilityGlobals) = postSolution
		SolutionGuid = {6889B847-9740-419C-BE93-AD51680947B6}
	EndGlobalSection
EndGlobal
